
Microsoft Visual Studio Solution File, Format Version 12.00
# Visual Studio 15
VisualStudioVersion = 15.0.28307.106
MinimumVisualStudioVersion = 10.0.40219.1
Project("{FAE04EC0-301F-11D3-BF4B-00C04F79EFBC}") = "test_181206", "test_181206\test_181206.csproj", "{68F4EF02-3DF6-486E-88BA-2065981B1407}"
EndProject
Global
	GlobalSection(SolutionConfigurationPlatforms) = preSolution
		Debug|Any CPU = Debug|Any CPU
		Release|Any CPU = Release|Any CPU
	EndGlobalSection
	GlobalSection(ProjectConfigurationPlatforms) = postSolution
		{68F4EF02-3DF6-486E-88BA-2065981B1407}.Debug|Any CPU.ActiveCfg = Debug|Any CPU
		{68F4EF02-3DF6-486E-88BA-2065981B1407}.Debug|Any CPU.Build.0 = Debug|Any CPU
		{68F4EF02-3DF6-486E-88BA-2065981B1407}.Release|Any CPU.ActiveCfg = Release|Any CPU
		{68F4EF02-3DF6-486E-88BA-2065981B1407}.Release|Any CPU.Build.0 = Release|Any CPU
	EndGlobalSection
	GlobalSection(SolutionProperties) = preSolution
		HideSolutionNode = FALSE
	EndGlobalSection
	GlobalSection(ExtensibilityGlobals) = postSolution
		SolutionGuid = {C4CD48BB-101F-4DBF-9861-3D14892D03B9}
	EndGlobalSection
EndGlobal
