
Microsoft Visual Studio Solution File, Format Version 12.00
# Visual Studio 15
VisualStudioVersion = 15.0.28010.2003
MinimumVisualStudioVersion = 10.0.40219.1
Project("{FAE04EC0-301F-11D3-BF4B-00C04F79EFBC}") = "cviceni_181107", "cviceni_181107\cviceni_181107.csproj", "{940F1DE9-B2FF-42EE-809E-05FEE3B6614F}"
EndProject
Global
	GlobalSection(SolutionConfigurationPlatforms) = preSolution
		Debug|Any CPU = Debug|Any CPU
		Release|Any CPU = Release|Any CPU
	EndGlobalSection
	GlobalSection(ProjectConfigurationPlatforms) = postSolution
		{940F1DE9-B2FF-42EE-809E-05FEE3B6614F}.Debug|Any CPU.ActiveCfg = Debug|Any CPU
		{940F1DE9-B2FF-42EE-809E-05FEE3B6614F}.Debug|Any CPU.Build.0 = Debug|Any CPU
		{940F1DE9-B2FF-42EE-809E-05FEE3B6614F}.Release|Any CPU.ActiveCfg = Release|Any CPU
		{940F1DE9-B2FF-42EE-809E-05FEE3B6614F}.Release|Any CPU.Build.0 = Release|Any CPU
	EndGlobalSection
	GlobalSection(SolutionProperties) = preSolution
		HideSolutionNode = FALSE
	EndGlobalSection
	GlobalSection(ExtensibilityGlobals) = postSolution
		SolutionGuid = {F640B267-E70D-4487-8DC1-FEE7560D67E2}
	EndGlobalSection
EndGlobal
