
Microsoft Visual Studio Solution File, Format Version 12.00
# Visual Studio 15
VisualStudioVersion = 15.0.28010.2050
MinimumVisualStudioVersion = 10.0.40219.1
Project("{FAE04EC0-301F-11D3-BF4B-00C04F79EFBC}") = "test_181115", "test_181115\test_181115.csproj", "{5DDF6331-3CF6-4FAD-9129-3377210D89F8}"
EndProject
Global
	GlobalSection(SolutionConfigurationPlatforms) = preSolution
		Debug|Any CPU = Debug|Any CPU
		Release|Any CPU = Release|Any CPU
	EndGlobalSection
	GlobalSection(ProjectConfigurationPlatforms) = postSolution
		{5DDF6331-3CF6-4FAD-9129-3377210D89F8}.Debug|Any CPU.ActiveCfg = Debug|Any CPU
		{5DDF6331-3CF6-4FAD-9129-3377210D89F8}.Debug|Any CPU.Build.0 = Debug|Any CPU
		{5DDF6331-3CF6-4FAD-9129-3377210D89F8}.Release|Any CPU.ActiveCfg = Release|Any CPU
		{5DDF6331-3CF6-4FAD-9129-3377210D89F8}.Release|Any CPU.Build.0 = Release|Any CPU
	EndGlobalSection
	GlobalSection(SolutionProperties) = preSolution
		HideSolutionNode = FALSE
	EndGlobalSection
	GlobalSection(ExtensibilityGlobals) = postSolution
		SolutionGuid = {230C2EBD-2625-4780-A9E7-568F2CB8BDB9}
	EndGlobalSection
EndGlobal
