
Microsoft Visual Studio Solution File, Format Version 12.00
# Visual Studio 15
VisualStudioVersion = 15.0.26730.12
MinimumVisualStudioVersion = 10.0.40219.1
Project("{FAE04EC0-301F-11D3-BF4B-00C04F79EFBC}") = "formaty", "formaty\formaty.csproj", "{066D5D54-3C2A-43B6-924D-CE7573A6A5DE}"
EndProject
Global
	GlobalSection(SolutionConfigurationPlatforms) = preSolution
		Debug|Any CPU = Debug|Any CPU
		Release|Any CPU = Release|Any CPU
	EndGlobalSection
	GlobalSection(ProjectConfigurationPlatforms) = postSolution
		{066D5D54-3C2A-43B6-924D-CE7573A6A5DE}.Debug|Any CPU.ActiveCfg = Debug|Any CPU
		{066D5D54-3C2A-43B6-924D-CE7573A6A5DE}.Debug|Any CPU.Build.0 = Debug|Any CPU
		{066D5D54-3C2A-43B6-924D-CE7573A6A5DE}.Release|Any CPU.ActiveCfg = Release|Any CPU
		{066D5D54-3C2A-43B6-924D-CE7573A6A5DE}.Release|Any CPU.Build.0 = Release|Any CPU
	EndGlobalSection
	GlobalSection(SolutionProperties) = preSolution
		HideSolutionNode = FALSE
	EndGlobalSection
	GlobalSection(ExtensibilityGlobals) = postSolution
		SolutionGuid = {19BA9173-660E-4EAA-A63E-05C6CF030D27}
	EndGlobalSection
EndGlobal
