
Microsoft Visual Studio Solution File, Format Version 12.00
# Visual Studio 15
VisualStudioVersion = 15.0.28307.329
MinimumVisualStudioVersion = 10.0.40219.1
Project("{FAE04EC0-301F-11D3-BF4B-00C04F79EFBC}") = "nuget_save", "nuget_save\nuget_save.csproj", "{6D2EC06C-E43E-459B-9D91-0E6141E7097D}"
EndProject
Global
	GlobalSection(SolutionConfigurationPlatforms) = preSolution
		Debug|Any CPU = Debug|Any CPU
		Release|Any CPU = Release|Any CPU
	EndGlobalSection
	GlobalSection(ProjectConfigurationPlatforms) = postSolution
		{6D2EC06C-E43E-459B-9D91-0E6141E7097D}.Debug|Any CPU.ActiveCfg = Debug|Any CPU
		{6D2EC06C-E43E-459B-9D91-0E6141E7097D}.Debug|Any CPU.Build.0 = Debug|Any CPU
		{6D2EC06C-E43E-459B-9D91-0E6141E7097D}.Release|Any CPU.ActiveCfg = Release|Any CPU
		{6D2EC06C-E43E-459B-9D91-0E6141E7097D}.Release|Any CPU.Build.0 = Release|Any CPU
	EndGlobalSection
	GlobalSection(SolutionProperties) = preSolution
		HideSolutionNode = FALSE
	EndGlobalSection
	GlobalSection(ExtensibilityGlobals) = postSolution
		SolutionGuid = {E3239BCE-E8E0-4057-B229-049E326E2968}
	EndGlobalSection
EndGlobal
